
Microsoft Visual Studio Solution File, Format Version 12.00
# Visual Studio Version 16
VisualStudioVersion = 16.0.32002.261
MinimumVisualStudioVersion = 10.0.40219.1
Project("{FAE04EC0-301F-11D3-BF4B-00C04F79EFBC}") = "exercicio1020", "exercicio1020\exercicio1020.csproj", "{D3E25ABF-7B6F-409A-8DC9-2EF58DEB50BA}"
EndProject
Global
	GlobalSection(SolutionConfigurationPlatforms) = preSolution
		Debug|Any CPU = Debug|Any CPU
		Release|Any CPU = Release|Any CPU
	EndGlobalSection
	GlobalSection(ProjectConfigurationPlatforms) = postSolution
		{D3E25ABF-7B6F-409A-8DC9-2EF58DEB50BA}.Debug|Any CPU.ActiveCfg = Debug|Any CPU
		{D3E25ABF-7B6F-409A-8DC9-2EF58DEB50BA}.Debug|Any CPU.Build.0 = Debug|Any CPU
		{D3E25ABF-7B6F-409A-8DC9-2EF58DEB50BA}.Release|Any CPU.ActiveCfg = Release|Any CPU
		{D3E25ABF-7B6F-409A-8DC9-2EF58DEB50BA}.Release|Any CPU.Build.0 = Release|Any CPU
	EndGlobalSection
	GlobalSection(SolutionProperties) = preSolution
		HideSolutionNode = FALSE
	EndGlobalSection
	GlobalSection(ExtensibilityGlobals) = postSolution
		SolutionGuid = {18B913CC-34C1-4A1E-B8F0-4C779F04FF4F}
	EndGlobalSection
EndGlobal
