
Microsoft Visual Studio Solution File, Format Version 12.00
# Visual Studio Version 16
VisualStudioVersion = 16.0.32002.261
MinimumVisualStudioVersion = 10.0.40219.1
Project("{FAE04EC0-301F-11D3-BF4B-00C04F79EFBC}") = "idade", "idade\idade.csproj", "{6383A644-AC8A-439E-BF22-95B79FBFC34B}"
EndProject
Global
	GlobalSection(SolutionConfigurationPlatforms) = preSolution
		Debug|Any CPU = Debug|Any CPU
		Release|Any CPU = Release|Any CPU
	EndGlobalSection
	GlobalSection(ProjectConfigurationPlatforms) = postSolution
		{6383A644-AC8A-439E-BF22-95B79FBFC34B}.Debug|Any CPU.ActiveCfg = Debug|Any CPU
		{6383A644-AC8A-439E-BF22-95B79FBFC34B}.Debug|Any CPU.Build.0 = Debug|Any CPU
		{6383A644-AC8A-439E-BF22-95B79FBFC34B}.Release|Any CPU.ActiveCfg = Release|Any CPU
		{6383A644-AC8A-439E-BF22-95B79FBFC34B}.Release|Any CPU.Build.0 = Release|Any CPU
	EndGlobalSection
	GlobalSection(SolutionProperties) = preSolution
		HideSolutionNode = FALSE
	EndGlobalSection
	GlobalSection(ExtensibilityGlobals) = postSolution
		SolutionGuid = {5D26570C-7947-48E7-94B5-542D87F8FEAD}
	EndGlobalSection
EndGlobal
