
Microsoft Visual Studio Solution File, Format Version 12.00
# Visual Studio Version 16
VisualStudioVersion = 16.0.32002.261
MinimumVisualStudioVersion = 10.0.40219.1
Project("{FAE04EC0-301F-11D3-BF4B-00C04F79EFBC}") = "WindowsFormsApp1", "WindowsFormsApp1\WindowsFormsApp1.csproj", "{40C58DFF-3C57-4BE3-A727-C15F48B2AE00}"
EndProject
Global
	GlobalSection(SolutionConfigurationPlatforms) = preSolution
		Debug|Any CPU = Debug|Any CPU
		Release|Any CPU = Release|Any CPU
	EndGlobalSection
	GlobalSection(ProjectConfigurationPlatforms) = postSolution
		{40C58DFF-3C57-4BE3-A727-C15F48B2AE00}.Debug|Any CPU.ActiveCfg = Debug|Any CPU
		{40C58DFF-3C57-4BE3-A727-C15F48B2AE00}.Debug|Any CPU.Build.0 = Debug|Any CPU
		{40C58DFF-3C57-4BE3-A727-C15F48B2AE00}.Release|Any CPU.ActiveCfg = Release|Any CPU
		{40C58DFF-3C57-4BE3-A727-C15F48B2AE00}.Release|Any CPU.Build.0 = Release|Any CPU
	EndGlobalSection
	GlobalSection(SolutionProperties) = preSolution
		HideSolutionNode = FALSE
	EndGlobalSection
	GlobalSection(ExtensibilityGlobals) = postSolution
		SolutionGuid = {62849E56-19BB-4D5E-BB64-E6EA70FA64ED}
	EndGlobalSection
EndGlobal
